
Microsoft Visual Studio Solution File, Format Version 12.00
# Visual Studio Version 17
VisualStudioVersion = 17.3.32811.315
MinimumVisualStudioVersion = 10.0.40219.1
Project("{FAE04EC0-301F-11D3-BF4B-00C04F79EFBC}") = "QuotesApi", "QuotesApi\QuotesApi.csproj", "{ADB617DB-002C-491D-B9F7-30E8E668C9D9}"
EndProject
Global
	GlobalSection(SolutionConfigurationPlatforms) = preSolution
		Debug|Any CPU = Debug|Any CPU
		Release|Any CPU = Release|Any CPU
	EndGlobalSection
	GlobalSection(ProjectConfigurationPlatforms) = postSolution
		{ADB617DB-002C-491D-B9F7-30E8E668C9D9}.Debug|Any CPU.ActiveCfg = Debug|Any CPU
		{ADB617DB-002C-491D-B9F7-30E8E668C9D9}.Debug|Any CPU.Build.0 = Debug|Any CPU
		{ADB617DB-002C-491D-B9F7-30E8E668C9D9}.Release|Any CPU.ActiveCfg = Release|Any CPU
		{ADB617DB-002C-491D-B9F7-30E8E668C9D9}.Release|Any CPU.Build.0 = Release|Any CPU
	EndGlobalSection
	GlobalSection(SolutionProperties) = preSolution
		HideSolutionNode = FALSE
	EndGlobalSection
	GlobalSection(ExtensibilityGlobals) = postSolution
		SolutionGuid = {A68BA866-E818-44C8-934C-C03C34938381}
	EndGlobalSection
EndGlobal
